
Microsoft Visual Studio Solution File, Format Version 12.00
# Visual Studio Version 16
VisualStudioVersion = 16.0.31911.196
MinimumVisualStudioVersion = 10.0.40219.1
Project("{FAE04EC0-301F-11D3-BF4B-00C04F79EFBC}") = "StoredProcExample", "StoredProcExample.csproj", "{BEF80C4B-CEF4-452A-BFD7-A51A8409FCC4}"
EndProject
Global
	GlobalSection(SolutionConfigurationPlatforms) = preSolution
		Debug|Any CPU = Debug|Any CPU
		Release|Any CPU = Release|Any CPU
	EndGlobalSection
	GlobalSection(ProjectConfigurationPlatforms) = postSolution
		{BEF80C4B-CEF4-452A-BFD7-A51A8409FCC4}.Debug|Any CPU.ActiveCfg = Debug|Any CPU
		{BEF80C4B-CEF4-452A-BFD7-A51A8409FCC4}.Debug|Any CPU.Build.0 = Debug|Any CPU
		{BEF80C4B-CEF4-452A-BFD7-A51A8409FCC4}.Release|Any CPU.ActiveCfg = Release|Any CPU
		{BEF80C4B-CEF4-452A-BFD7-A51A8409FCC4}.Release|Any CPU.Build.0 = Release|Any CPU
	EndGlobalSection
	GlobalSection(SolutionProperties) = preSolution
		HideSolutionNode = FALSE
	EndGlobalSection
	GlobalSection(ExtensibilityGlobals) = postSolution
		SolutionGuid = {3E05BBCE-2D33-4334-B341-ADBE74525CA9}
	EndGlobalSection
EndGlobal
