
Microsoft Visual Studio Solution File, Format Version 12.00
# Visual Studio Version 16
VisualStudioVersion = 16.0.31911.196
MinimumVisualStudioVersion = 10.0.40219.1
Project("{FAE04EC0-301F-11D3-BF4B-00C04F79EFBC}") = "WebDay2", "WebDay2.csproj", "{4AF8BA14-CD7E-49F7-983D-4AA917DBE6F9}"
EndProject
Global
	GlobalSection(SolutionConfigurationPlatforms) = preSolution
		Debug|Any CPU = Debug|Any CPU
		Release|Any CPU = Release|Any CPU
	EndGlobalSection
	GlobalSection(ProjectConfigurationPlatforms) = postSolution
		{4AF8BA14-CD7E-49F7-983D-4AA917DBE6F9}.Debug|Any CPU.ActiveCfg = Debug|Any CPU
		{4AF8BA14-CD7E-49F7-983D-4AA917DBE6F9}.Debug|Any CPU.Build.0 = Debug|Any CPU
		{4AF8BA14-CD7E-49F7-983D-4AA917DBE6F9}.Release|Any CPU.ActiveCfg = Release|Any CPU
		{4AF8BA14-CD7E-49F7-983D-4AA917DBE6F9}.Release|Any CPU.Build.0 = Release|Any CPU
	EndGlobalSection
	GlobalSection(SolutionProperties) = preSolution
		HideSolutionNode = FALSE
	EndGlobalSection
	GlobalSection(ExtensibilityGlobals) = postSolution
		SolutionGuid = {F2483CDA-9C22-4BE3-AE2B-DC5BBD635185}
	EndGlobalSection
EndGlobal
